
Microsoft Visual Studio Solution File, Format Version 12.00
# Visual Studio Version 17
VisualStudioVersion = 17.3.32929.385
MinimumVisualStudioVersion = 10.0.40219.1
Project("{2150E333-8FDC-42A3-9474-1A3956D46DE8}") = "Application", "Application", "{D722A117-0FC3-4453-8288-5373974D5391}"
EndProject
Project("{2150E333-8FDC-42A3-9474-1A3956D46DE8}") = "Data", "Data", "{0A70BF7E-9DB4-4EDF-B7A2-91BF6644AB91}"
EndProject
Project("{2150E333-8FDC-42A3-9474-1A3956D46DE8}") = "Installer", "Installer", "{277C5022-B2EB-4DC9-A989-606E35D43BB1}"
EndProject
Project("{FAE04EC0-301F-11D3-BF4B-00C04F79EFBC}") = "Dsmviz.Interfaces.Util", "Dsmviz.Interfaces.Util\Dsmviz.Interfaces.Util.csproj", "{B2FC8E42-6E91-481B-8380-60F0B03F3C39}"
EndProject
Project("{FAE04EC0-301F-11D3-BF4B-00C04F79EFBC}") = "Dsmviz.Viewer.Utils", "Dsmviz.Viewer.Utils\Dsmviz.Viewer.Utils.csproj", "{5619E0B3-0F24-45DE-8C20-97F0DBC41F58}"
EndProject
Project("{2150E333-8FDC-42A3-9474-1A3956D46DE8}") = "Interfaces", "Interfaces", "{22B4279F-47B1-4ED0-8556-1ED49767D459}"
EndProject
Project("{2150E333-8FDC-42A3-9474-1A3956D46DE8}") = "Util", "Util", "{4AD7D46D-CCE4-4278-A9DF-256FBD43A084}"
EndProject
Project("{2150E333-8FDC-42A3-9474-1A3956D46DE8}") = "Util", "Util", "{E4A0995B-B921-408A-AA49-D56D06BDF715}"
EndProject
Project("{2150E333-8FDC-42A3-9474-1A3956D46DE8}") = "Data", "Data", "{66432400-EE52-4069-9B0E-5F047FB31DA1}"
EndProject
Project("{2150E333-8FDC-42A3-9474-1A3956D46DE8}") = "Application", "Application", "{8A6D462B-7E60-4B56-90A3-58EFCBA44AD7}"
EndProject
Project("{FAE04EC0-301F-11D3-BF4B-00C04F79EFBC}") = "Dsmviz.Interfaces.Application", "Dsmviz.Interfaces.Application\Dsmviz.Interfaces.Application.csproj", "{49DBD3DE-1EDD-4F76-BB9F-CF51A06D47F4}"
EndProject
Project("{FAE04EC0-301F-11D3-BF4B-00C04F79EFBC}") = "Dsmviz.Interfaces.Data", "Dsmviz.Interfaces.Data\Dsmviz.Interfaces.Data.csproj", "{D0F746EE-F133-49A8-99C1-824E2102A194}"
EndProject
Project("{2150E333-8FDC-42A3-9474-1A3956D46DE8}") = "Test", "Test", "{687459D6-DB9F-484C-A056-7AAE4B1B2400}"
EndProject
Project("{FAE04EC0-301F-11D3-BF4B-00C04F79EFBC}") = "Dsmviz.Viewer.Data.Import.Dsi", "Dsmviz.Viewer.Data.Import.Dsi\Dsmviz.Viewer.Data.Import.Dsi.csproj", "{37E2E0EA-263E-4BAE-B4EA-5DD3929FCFE9}"
EndProject
Project("{FAE04EC0-301F-11D3-BF4B-00C04F79EFBC}") = "Dsmviz.Viewer.Data.Store", "Dsmviz.Viewer.Data.Store\Dsmviz.Viewer.Data.Store.csproj", "{D224FA00-BE04-4DFD-B89F-3A6E0DB88765}"
EndProject
Project("{FAE04EC0-301F-11D3-BF4B-00C04F79EFBC}") = "Dsmviz.Viewer.Data.Model", "Dsmviz.Viewer.Data.Model\Dsmviz.Viewer.Data.Model.csproj", "{D1F0AA35-1195-4CCD-84A3-137E4163372E}"
EndProject
Project("{FAE04EC0-301F-11D3-BF4B-00C04F79EFBC}") = "Dsmviz.Viewer.Application.Query", "Dsmviz.Viewer.Application.Query\Dsmviz.Viewer.Application.Query.csproj", "{DEC4DD69-D136-4DED-B073-515DA7CCDEDA}"
EndProject
Project("{FAE04EC0-301F-11D3-BF4B-00C04F79EFBC}") = "Dsmviz.Viewer.Application.Editing", "Dsmviz.Viewer.Application.Editing\Dsmviz.Viewer.Application.Editing.csproj", "{108CF96A-3F7B-45B3-902A-481207DD2102}"
EndProject
Project("{FAE04EC0-301F-11D3-BF4B-00C04F79EFBC}") = "Dsmviz.Viewer.Application.Metrics", "Dsmviz.Viewer.Application.Metrics\Dsmviz.Viewer.Application.Metrics.csproj", "{C44F98AC-F10F-4005-8F4B-D4694DF45775}"
EndProject
Project("{FAE04EC0-301F-11D3-BF4B-00C04F79EFBC}") = "Dsmviz.Viewer.Application.Matrix", "Dsmviz.Viewer.Application.Matrix\Dsmviz.Viewer.Application.Matrix.csproj", "{3CF96316-2EFB-4EA5-96BA-3FCE9DB9668B}"
EndProject
Project("{FAE04EC0-301F-11D3-BF4B-00C04F79EFBC}") = "Dsmviz.Viewer.Application.Algorithms.Alphabetic", "Dsmviz.Viewer.Application.Algorithms.Alphabetic\Dsmviz.Viewer.Application.Algorithms.Alphabetic.csproj", "{041A3234-4381-4E24-A7D7-C575C62C7083}"
EndProject
Project("{FAE04EC0-301F-11D3-BF4B-00C04F79EFBC}") = "Dsmviz.Viewer.Application.Algorithms.Partition", "Dsmviz.Viewer.Application.Algorithms.Partition\Dsmviz.Viewer.Application.Algorithms.Partition.csproj", "{4E3E3CC8-EBEC-4C8E-8666-0EF655A5FD97}"
EndProject
Project("{FAE04EC0-301F-11D3-BF4B-00C04F79EFBC}") = "Dsmviz.Viewer.Application.Persistency", "Dsmviz.Viewer.Application.Persistency\Dsmviz.Viewer.Application.Persistency.csproj", "{EDC83D10-86A5-4D07-B1CC-B825861716A6}"
EndProject
Project("{2150E333-8FDC-42A3-9474-1A3956D46DE8}") = "Util", "Util", "{A2A05795-5B4E-4982-A6C7-FD1E5F9A5BCC}"
EndProject
Project("{2150E333-8FDC-42A3-9474-1A3956D46DE8}") = "Data", "Data", "{389620DE-62B1-465C-80BA-75C80A3722BC}"
EndProject
Project("{FAE04EC0-301F-11D3-BF4B-00C04F79EFBC}") = "Dsmviz.Viewer.Application.Algorithms", "Dsmviz.Viewer.Application.Algorithms\Dsmviz.Viewer.Application.Algorithms.csproj", "{80F39A31-91E6-48C8-A561-718072C15101}"
EndProject
Project("{2150E333-8FDC-42A3-9474-1A3956D46DE8}") = "Application", "Application", "{8AF46340-4CFA-434E-8C2C-B7D69E07386E}"
EndProject
Project("{FAE04EC0-301F-11D3-BF4B-00C04F79EFBC}") = "Test.Viewer.Util", "Test.Viewer.Util\Test.Viewer.Util.csproj", "{1AEC0316-F0AA-46C7-AAD2-085AC0026DCA}"
EndProject
Project("{FAE04EC0-301F-11D3-BF4B-00C04F79EFBC}") = "Test.Viewer.Data.Store", "Test.Viewer.Data.Store\Test.Viewer.Data.Store.csproj", "{1DEA16DF-A319-43FB-9B7A-15FF9BA4248F}"
EndProject
Project("{FAE04EC0-301F-11D3-BF4B-00C04F79EFBC}") = "Test.Viewer.Data.Model", "Test.Viewer.Data.Model\Test.Viewer.Data.Model.csproj", "{CF9D7069-2B78-41C8-BD43-E8CE6945E44A}"
EndProject
Project("{FAE04EC0-301F-11D3-BF4B-00C04F79EFBC}") = "Test.Viewer.Data.Import.Dsi", "Test.Viewer.Data.Import.Dsi\Test.Viewer.Data.Import.Dsi.csproj", "{A7EB4647-96B9-41CD-9738-0E486AFD42AE}"
EndProject
Project("{FAE04EC0-301F-11D3-BF4B-00C04F79EFBC}") = "Test.Viewer.Application.Algorithms", "Test.Viewer.Application.Algorithms\Test.Viewer.Application.Algorithms.csproj", "{22FC135F-E6EF-491B-88B3-80344911662D}"
EndProject
Project("{FAE04EC0-301F-11D3-BF4B-00C04F79EFBC}") = "Test.Viewer.Application.Algorithms.Alphabetic", "Test.Viewer.Application.Algorithms.Alphabetic\Test.Viewer.Application.Algorithms.Alphabetic.csproj", "{5549AB7C-A1BA-4CFA-876C-0FD53AB82EF1}"
EndProject
Project("{FAE04EC0-301F-11D3-BF4B-00C04F79EFBC}") = "Test.Viewer.Application.Algorithms.Partition", "Test.Viewer.Application.Algorithms.Partition\Test.Viewer.Application.Algorithms.Partition.csproj", "{A65D46B8-2FEF-4A30-8D7D-D9BAB4A04A24}"
EndProject
Project("{FAE04EC0-301F-11D3-BF4B-00C04F79EFBC}") = "Test.Viewer.Application.Editing", "Test.Viewer.Application.Editing\Test.Viewer.Application.Editing.csproj", "{A81ABBEF-F455-4E14-8190-B154CA02330F}"
EndProject
Project("{FAE04EC0-301F-11D3-BF4B-00C04F79EFBC}") = "Test.Viewer.Application.Matrix", "Test.Viewer.Application.Matrix\Test.Viewer.Application.Matrix.csproj", "{C7C0D74E-29A2-45DF-BB69-3056E0D57CAB}"
EndProject
Project("{FAE04EC0-301F-11D3-BF4B-00C04F79EFBC}") = "Test.Viewer.Application.Metrics", "Test.Viewer.Application.Metrics\Test.Viewer.Application.Metrics.csproj", "{AAC76E7D-83B4-4533-ABFE-7B503AFBAD31}"
EndProject
Project("{FAE04EC0-301F-11D3-BF4B-00C04F79EFBC}") = "Test.Viewer.Application.Persistency", "Test.Viewer.Application.Persistency\Test.Viewer.Application.Persistency.csproj", "{77F5C0B7-479B-4098-A8F6-F2E29CA765F4}"
EndProject
Project("{FAE04EC0-301F-11D3-BF4B-00C04F79EFBC}") = "Test.Viewer.Application.Query", "Test.Viewer.Application.Query\Test.Viewer.Application.Query.csproj", "{1E531058-3E0A-4CD6-84AB-89E5538D2199}"
EndProject
Project("{FAE04EC0-301F-11D3-BF4B-00C04F79EFBC}") = "Dsmviz.Viewer.Algorithms.Common", "Dsmviz.Viewer.Algorithms.Common\Dsmviz.Viewer.Algorithms.Common.csproj", "{BB86107B-C0CB-47A3-8C8A-74DDE9CDEDF9}"
EndProject
Project("{FAE04EC0-301F-11D3-BF4B-00C04F79EFBC}") = "Test.Viewer.Application.Algorithms.Common", "Test.Viewer.Application.Algorithms.Common\Test.Viewer.Application.Algorithms.Common.csproj", "{3382A59D-F95C-40E1-B1FE-1FAB27A37F82}"
EndProject
Project("{2150E333-8FDC-42A3-9474-1A3956D46DE8}") = "ViewModel", "ViewModel", "{310604E1-E315-429A-A43F-712A1D3D06C7}"
EndProject
Project("{2150E333-8FDC-42A3-9474-1A3956D46DE8}") = "View", "View", "{6B0C4A84-855E-4AB4-8387-FA3CE52D2C17}"
EndProject
Project("{FAE04EC0-301F-11D3-BF4B-00C04F79EFBC}") = "Dsmviz.Viewer.View", "Dsmviz.Viewer.View\Dsmviz.Viewer.View.csproj", "{EB800C78-F44B-4E3E-9097-2A0A9BEA1C2E}"
EndProject
Project("{FAE04EC0-301F-11D3-BF4B-00C04F79EFBC}") = "Dsmviz.Viewer.ViewModel", "Dsmviz.Viewer.Viewmodel\Dsmviz.Viewer.ViewModel.csproj", "{F1AE44C3-57B0-48E0-ACC2-23C8C5559D82}"
EndProject
Project("{2150E333-8FDC-42A3-9474-1A3956D46DE8}") = "Viewer", "Viewer", "{0B3DC3C4-C13B-4FE2-88C2-3D215E2E153C}"
EndProject
Project("{2150E333-8FDC-42A3-9474-1A3956D46DE8}") = "Configuration", "Configuration", "{26078B86-FD4B-48FD-A7C2-1CE0B79555F2}"
EndProject
Project("{FAE04EC0-301F-11D3-BF4B-00C04F79EFBC}") = "Dsmviz.Viewer.Configuration", "Dsmviz.Viewer.Configuration\Dsmviz.Viewer.Configuration.csproj", "{CC057A1F-4756-489A-8763-300AEAE1D07D}"
EndProject
Project("{2150E333-8FDC-42A3-9474-1A3956D46DE8}") = "Implementation", "Implementation", "{F39C64EC-A86F-4515-B132-3E434504923D}"
EndProject
Project("{FAE04EC0-301F-11D3-BF4B-00C04F79EFBC}") = "Test.Viewer.ViewModel", "Test.Viewer.ViewModel\Test.Viewer.ViewModel.csproj", "{8216BD3A-3187-4EC2-AA55-23D269122B1D}"
EndProject
Project("{2150E333-8FDC-42A3-9474-1A3956D46DE8}") = "ViewModel", "ViewModel", "{06A9819D-42D5-4D92-B469-2C373720B42D}"
EndProject
Project("{2150E333-8FDC-42A3-9474-1A3956D46DE8}") = "ViewModel", "ViewModel", "{DFA25F93-3564-4D7A-9760-FD5857D7C6A7}"
EndProject
Project("{FAE04EC0-301F-11D3-BF4B-00C04F79EFBC}") = "Dsmviz.ViewModel.Interfaces", "Dsmviz.ViewModel.Interfaces\Dsmviz.ViewModel.Interfaces.csproj", "{9B2AF3D6-9303-4436-9ACC-EE0831857E4B}"
EndProject
Project("{2150E333-8FDC-42A3-9474-1A3956D46DE8}") = "Plugins", "Plugins", "{23989409-3BB3-4684-ABF8-5095B298749D}"
EndProject
Project("{2150E333-8FDC-42A3-9474-1A3956D46DE8}") = "Dsi", "Dsi", "{3DA43D06-8C65-4EC8-BFC4-7BC31F4D62A5}"
EndProject
Global
	GlobalSection(SolutionConfigurationPlatforms) = preSolution
		Debug|Any CPU = Debug|Any CPU
		Debug|x64 = Debug|x64
		Debug|x86 = Debug|x86
		Release|Any CPU = Release|Any CPU
		Release|x64 = Release|x64
		Release|x86 = Release|x86
	EndGlobalSection
	GlobalSection(ProjectConfigurationPlatforms) = postSolution
		{B2FC8E42-6E91-481B-8380-60F0B03F3C39}.Debug|Any CPU.ActiveCfg = Debug|Any CPU
		{B2FC8E42-6E91-481B-8380-60F0B03F3C39}.Debug|Any CPU.Build.0 = Debug|Any CPU
		{B2FC8E42-6E91-481B-8380-60F0B03F3C39}.Debug|x64.ActiveCfg = Debug|Any CPU
		{B2FC8E42-6E91-481B-8380-60F0B03F3C39}.Debug|x64.Build.0 = Debug|Any CPU
		{B2FC8E42-6E91-481B-8380-60F0B03F3C39}.Debug|x86.ActiveCfg = Debug|Any CPU
		{B2FC8E42-6E91-481B-8380-60F0B03F3C39}.Debug|x86.Build.0 = Debug|Any CPU
		{B2FC8E42-6E91-481B-8380-60F0B03F3C39}.Release|Any CPU.ActiveCfg = Release|Any CPU
		{B2FC8E42-6E91-481B-8380-60F0B03F3C39}.Release|Any CPU.Build.0 = Release|Any CPU
		{B2FC8E42-6E91-481B-8380-60F0B03F3C39}.Release|x64.ActiveCfg = Release|Any CPU
		{B2FC8E42-6E91-481B-8380-60F0B03F3C39}.Release|x64.Build.0 = Release|Any CPU
		{B2FC8E42-6E91-481B-8380-60F0B03F3C39}.Release|x86.ActiveCfg = Release|Any CPU
		{B2FC8E42-6E91-481B-8380-60F0B03F3C39}.Release|x86.Build.0 = Release|Any CPU
		{5619E0B3-0F24-45DE-8C20-97F0DBC41F58}.Debug|Any CPU.ActiveCfg = Debug|Any CPU
		{5619E0B3-0F24-45DE-8C20-97F0DBC41F58}.Debug|Any CPU.Build.0 = Debug|Any CPU
		{5619E0B3-0F24-45DE-8C20-97F0DBC41F58}.Debug|x64.ActiveCfg = Debug|Any CPU
		{5619E0B3-0F24-45DE-8C20-97F0DBC41F58}.Debug|x64.Build.0 = Debug|Any CPU
		{5619E0B3-0F24-45DE-8C20-97F0DBC41F58}.Debug|x86.ActiveCfg = Debug|Any CPU
		{5619E0B3-0F24-45DE-8C20-97F0DBC41F58}.Debug|x86.Build.0 = Debug|Any CPU
		{5619E0B3-0F24-45DE-8C20-97F0DBC41F58}.Release|Any CPU.ActiveCfg = Release|Any CPU
		{5619E0B3-0F24-45DE-8C20-97F0DBC41F58}.Release|Any CPU.Build.0 = Release|Any CPU
		{5619E0B3-0F24-45DE-8C20-97F0DBC41F58}.Release|x64.ActiveCfg = Release|Any CPU
		{5619E0B3-0F24-45DE-8C20-97F0DBC41F58}.Release|x64.Build.0 = Release|Any CPU
		{5619E0B3-0F24-45DE-8C20-97F0DBC41F58}.Release|x86.ActiveCfg = Release|Any CPU
		{5619E0B3-0F24-45DE-8C20-97F0DBC41F58}.Release|x86.Build.0 = Release|Any CPU
		{49DBD3DE-1EDD-4F76-BB9F-CF51A06D47F4}.Debug|Any CPU.ActiveCfg = Debug|Any CPU
		{49DBD3DE-1EDD-4F76-BB9F-CF51A06D47F4}.Debug|Any CPU.Build.0 = Debug|Any CPU
		{49DBD3DE-1EDD-4F76-BB9F-CF51A06D47F4}.Debug|x64.ActiveCfg = Debug|Any CPU
		{49DBD3DE-1EDD-4F76-BB9F-CF51A06D47F4}.Debug|x64.Build.0 = Debug|Any CPU
		{49DBD3DE-1EDD-4F76-BB9F-CF51A06D47F4}.Debug|x86.ActiveCfg = Debug|Any CPU
		{49DBD3DE-1EDD-4F76-BB9F-CF51A06D47F4}.Debug|x86.Build.0 = Debug|Any CPU
		{49DBD3DE-1EDD-4F76-BB9F-CF51A06D47F4}.Release|Any CPU.ActiveCfg = Release|Any CPU
		{49DBD3DE-1EDD-4F76-BB9F-CF51A06D47F4}.Release|Any CPU.Build.0 = Release|Any CPU
		{49DBD3DE-1EDD-4F76-BB9F-CF51A06D47F4}.Release|x64.ActiveCfg = Release|Any CPU
		{49DBD3DE-1EDD-4F76-BB9F-CF51A06D47F4}.Release|x64.Build.0 = Release|Any CPU
		{49DBD3DE-1EDD-4F76-BB9F-CF51A06D47F4}.Release|x86.ActiveCfg = Release|Any CPU
		{49DBD3DE-1EDD-4F76-BB9F-CF51A06D47F4}.Release|x86.Build.0 = Release|Any CPU
		{D0F746EE-F133-49A8-99C1-824E2102A194}.Debug|Any CPU.ActiveCfg = Debug|Any CPU
		{D0F746EE-F133-49A8-99C1-824E2102A194}.Debug|Any CPU.Build.0 = Debug|Any CPU
		{D0F746EE-F133-49A8-99C1-824E2102A194}.Debug|x64.ActiveCfg = Debug|Any CPU
		{D0F746EE-F133-49A8-99C1-824E2102A194}.Debug|x64.Build.0 = Debug|Any CPU
		{D0F746EE-F133-49A8-99C1-824E2102A194}.Debug|x86.ActiveCfg = Debug|Any CPU
		{D0F746EE-F133-49A8-99C1-824E2102A194}.Debug|x86.Build.0 = Debug|Any CPU
		{D0F746EE-F133-49A8-99C1-824E2102A194}.Release|Any CPU.ActiveCfg = Release|Any CPU
		{D0F746EE-F133-49A8-99C1-824E2102A194}.Release|Any CPU.Build.0 = Release|Any CPU
		{D0F746EE-F133-49A8-99C1-824E2102A194}.Release|x64.ActiveCfg = Release|Any CPU
		{D0F746EE-F133-49A8-99C1-824E2102A194}.Release|x64.Build.0 = Release|Any CPU
		{D0F746EE-F133-49A8-99C1-824E2102A194}.Release|x86.ActiveCfg = Release|Any CPU
		{D0F746EE-F133-49A8-99C1-824E2102A194}.Release|x86.Build.0 = Release|Any CPU
		{37E2E0EA-263E-4BAE-B4EA-5DD3929FCFE9}.Debug|Any CPU.ActiveCfg = Debug|Any CPU
		{37E2E0EA-263E-4BAE-B4EA-5DD3929FCFE9}.Debug|Any CPU.Build.0 = Debug|Any CPU
		{37E2E0EA-263E-4BAE-B4EA-5DD3929FCFE9}.Debug|x64.ActiveCfg = Debug|Any CPU
		{37E2E0EA-263E-4BAE-B4EA-5DD3929FCFE9}.Debug|x64.Build.0 = Debug|Any CPU
		{37E2E0EA-263E-4BAE-B4EA-5DD3929FCFE9}.Debug|x86.ActiveCfg = Debug|Any CPU
		{37E2E0EA-263E-4BAE-B4EA-5DD3929FCFE9}.Debug|x86.Build.0 = Debug|Any CPU
		{37E2E0EA-263E-4BAE-B4EA-5DD3929FCFE9}.Release|Any CPU.ActiveCfg = Release|Any CPU
		{37E2E0EA-263E-4BAE-B4EA-5DD3929FCFE9}.Release|Any CPU.Build.0 = Release|Any CPU
		{37E2E0EA-263E-4BAE-B4EA-5DD3929FCFE9}.Release|x64.ActiveCfg = Release|Any CPU
		{37E2E0EA-263E-4BAE-B4EA-5DD3929FCFE9}.Release|x64.Build.0 = Release|Any CPU
		{37E2E0EA-263E-4BAE-B4EA-5DD3929FCFE9}.Release|x86.ActiveCfg = Release|Any CPU
		{37E2E0EA-263E-4BAE-B4EA-5DD3929FCFE9}.Release|x86.Build.0 = Release|Any CPU
		{D224FA00-BE04-4DFD-B89F-3A6E0DB88765}.Debug|Any CPU.ActiveCfg = Debug|Any CPU
		{D224FA00-BE04-4DFD-B89F-3A6E0DB88765}.Debug|Any CPU.Build.0 = Debug|Any CPU
		{D224FA00-BE04-4DFD-B89F-3A6E0DB88765}.Debug|x64.ActiveCfg = Debug|Any CPU
		{D224FA00-BE04-4DFD-B89F-3A6E0DB88765}.Debug|x64.Build.0 = Debug|Any CPU
		{D224FA00-BE04-4DFD-B89F-3A6E0DB88765}.Debug|x86.ActiveCfg = Debug|Any CPU
		{D224FA00-BE04-4DFD-B89F-3A6E0DB88765}.Debug|x86.Build.0 = Debug|Any CPU
		{D224FA00-BE04-4DFD-B89F-3A6E0DB88765}.Release|Any CPU.ActiveCfg = Release|Any CPU
		{D224FA00-BE04-4DFD-B89F-3A6E0DB88765}.Release|Any CPU.Build.0 = Release|Any CPU
		{D224FA00-BE04-4DFD-B89F-3A6E0DB88765}.Release|x64.ActiveCfg = Release|Any CPU
		{D224FA00-BE04-4DFD-B89F-3A6E0DB88765}.Release|x64.Build.0 = Release|Any CPU
		{D224FA00-BE04-4DFD-B89F-3A6E0DB88765}.Release|x86.ActiveCfg = Release|Any CPU
		{D224FA00-BE04-4DFD-B89F-3A6E0DB88765}.Release|x86.Build.0 = Release|Any CPU
		{D1F0AA35-1195-4CCD-84A3-137E4163372E}.Debug|Any CPU.ActiveCfg = Debug|Any CPU
		{D1F0AA35-1195-4CCD-84A3-137E4163372E}.Debug|Any CPU.Build.0 = Debug|Any CPU
		{D1F0AA35-1195-4CCD-84A3-137E4163372E}.Debug|x64.ActiveCfg = Debug|Any CPU
		{D1F0AA35-1195-4CCD-84A3-137E4163372E}.Debug|x64.Build.0 = Debug|Any CPU
		{D1F0AA35-1195-4CCD-84A3-137E4163372E}.Debug|x86.ActiveCfg = Debug|Any CPU
		{D1F0AA35-1195-4CCD-84A3-137E4163372E}.Debug|x86.Build.0 = Debug|Any CPU
		{D1F0AA35-1195-4CCD-84A3-137E4163372E}.Release|Any CPU.ActiveCfg = Release|Any CPU
		{D1F0AA35-1195-4CCD-84A3-137E4163372E}.Release|Any CPU.Build.0 = Release|Any CPU
		{D1F0AA35-1195-4CCD-84A3-137E4163372E}.Release|x64.ActiveCfg = Release|Any CPU
		{D1F0AA35-1195-4CCD-84A3-137E4163372E}.Release|x64.Build.0 = Release|Any CPU
		{D1F0AA35-1195-4CCD-84A3-137E4163372E}.Release|x86.ActiveCfg = Release|Any CPU
		{D1F0AA35-1195-4CCD-84A3-137E4163372E}.Release|x86.Build.0 = Release|Any CPU
		{DEC4DD69-D136-4DED-B073-515DA7CCDEDA}.Debug|Any CPU.ActiveCfg = Debug|Any CPU
		{DEC4DD69-D136-4DED-B073-515DA7CCDEDA}.Debug|Any CPU.Build.0 = Debug|Any CPU
		{DEC4DD69-D136-4DED-B073-515DA7CCDEDA}.Debug|x64.ActiveCfg = Debug|Any CPU
		{DEC4DD69-D136-4DED-B073-515DA7CCDEDA}.Debug|x64.Build.0 = Debug|Any CPU
		{DEC4DD69-D136-4DED-B073-515DA7CCDEDA}.Debug|x86.ActiveCfg = Debug|Any CPU
		{DEC4DD69-D136-4DED-B073-515DA7CCDEDA}.Debug|x86.Build.0 = Debug|Any CPU
		{DEC4DD69-D136-4DED-B073-515DA7CCDEDA}.Release|Any CPU.ActiveCfg = Release|Any CPU
		{DEC4DD69-D136-4DED-B073-515DA7CCDEDA}.Release|Any CPU.Build.0 = Release|Any CPU
		{DEC4DD69-D136-4DED-B073-515DA7CCDEDA}.Release|x64.ActiveCfg = Release|Any CPU
		{DEC4DD69-D136-4DED-B073-515DA7CCDEDA}.Release|x64.Build.0 = Release|Any CPU
		{DEC4DD69-D136-4DED-B073-515DA7CCDEDA}.Release|x86.ActiveCfg = Release|Any CPU
		{DEC4DD69-D136-4DED-B073-515DA7CCDEDA}.Release|x86.Build.0 = Release|Any CPU
		{108CF96A-3F7B-45B3-902A-481207DD2102}.Debug|Any CPU.ActiveCfg = Debug|Any CPU
		{108CF96A-3F7B-45B3-902A-481207DD2102}.Debug|Any CPU.Build.0 = Debug|Any CPU
		{108CF96A-3F7B-45B3-902A-481207DD2102}.Debug|x64.ActiveCfg = Debug|Any CPU
		{108CF96A-3F7B-45B3-902A-481207DD2102}.Debug|x64.Build.0 = Debug|Any CPU
		{108CF96A-3F7B-45B3-902A-481207DD2102}.Debug|x86.ActiveCfg = Debug|Any CPU
		{108CF96A-3F7B-45B3-902A-481207DD2102}.Debug|x86.Build.0 = Debug|Any CPU
		{108CF96A-3F7B-45B3-902A-481207DD2102}.Release|Any CPU.ActiveCfg = Release|Any CPU
		{108CF96A-3F7B-45B3-902A-481207DD2102}.Release|Any CPU.Build.0 = Release|Any CPU
		{108CF96A-3F7B-45B3-902A-481207DD2102}.Release|x64.ActiveCfg = Release|Any CPU
		{108CF96A-3F7B-45B3-902A-481207DD2102}.Release|x64.Build.0 = Release|Any CPU
		{108CF96A-3F7B-45B3-902A-481207DD2102}.Release|x86.ActiveCfg = Release|Any CPU
		{108CF96A-3F7B-45B3-902A-481207DD2102}.Release|x86.Build.0 = Release|Any CPU
		{C44F98AC-F10F-4005-8F4B-D4694DF45775}.Debug|Any CPU.ActiveCfg = Debug|Any CPU
		{C44F98AC-F10F-4005-8F4B-D4694DF45775}.Debug|Any CPU.Build.0 = Debug|Any CPU
		{C44F98AC-F10F-4005-8F4B-D4694DF45775}.Debug|x64.ActiveCfg = Debug|Any CPU
		{C44F98AC-F10F-4005-8F4B-D4694DF45775}.Debug|x64.Build.0 = Debug|Any CPU
		{C44F98AC-F10F-4005-8F4B-D4694DF45775}.Debug|x86.ActiveCfg = Debug|Any CPU
		{C44F98AC-F10F-4005-8F4B-D4694DF45775}.Debug|x86.Build.0 = Debug|Any CPU
		{C44F98AC-F10F-4005-8F4B-D4694DF45775}.Release|Any CPU.ActiveCfg = Release|Any CPU
		{C44F98AC-F10F-4005-8F4B-D4694DF45775}.Release|Any CPU.Build.0 = Release|Any CPU
		{C44F98AC-F10F-4005-8F4B-D4694DF45775}.Release|x64.ActiveCfg = Release|Any CPU
		{C44F98AC-F10F-4005-8F4B-D4694DF45775}.Release|x64.Build.0 = Release|Any CPU
		{C44F98AC-F10F-4005-8F4B-D4694DF45775}.Release|x86.ActiveCfg = Release|Any CPU
		{C44F98AC-F10F-4005-8F4B-D4694DF45775}.Release|x86.Build.0 = Release|Any CPU
		{3CF96316-2EFB-4EA5-96BA-3FCE9DB9668B}.Debug|Any CPU.ActiveCfg = Debug|Any CPU
		{3CF96316-2EFB-4EA5-96BA-3FCE9DB9668B}.Debug|Any CPU.Build.0 = Debug|Any CPU
		{3CF96316-2EFB-4EA5-96BA-3FCE9DB9668B}.Debug|x64.ActiveCfg = Debug|Any CPU
		{3CF96316-2EFB-4EA5-96BA-3FCE9DB9668B}.Debug|x64.Build.0 = Debug|Any CPU
		{3CF96316-2EFB-4EA5-96BA-3FCE9DB9668B}.Debug|x86.ActiveCfg = Debug|Any CPU
		{3CF96316-2EFB-4EA5-96BA-3FCE9DB9668B}.Debug|x86.Build.0 = Debug|Any CPU
		{3CF96316-2EFB-4EA5-96BA-3FCE9DB9668B}.Release|Any CPU.ActiveCfg = Release|Any CPU
		{3CF96316-2EFB-4EA5-96BA-3FCE9DB9668B}.Release|Any CPU.Build.0 = Release|Any CPU
		{3CF96316-2EFB-4EA5-96BA-3FCE9DB9668B}.Release|x64.ActiveCfg = Release|Any CPU
		{3CF96316-2EFB-4EA5-96BA-3FCE9DB9668B}.Release|x64.Build.0 = Release|Any CPU
		{3CF96316-2EFB-4EA5-96BA-3FCE9DB9668B}.Release|x86.ActiveCfg = Release|Any CPU
		{3CF96316-2EFB-4EA5-96BA-3FCE9DB9668B}.Release|x86.Build.0 = Release|Any CPU
		{041A3234-4381-4E24-A7D7-C575C62C7083}.Debug|Any CPU.ActiveCfg = Debug|Any CPU
		{041A3234-4381-4E24-A7D7-C575C62C7083}.Debug|Any CPU.Build.0 = Debug|Any CPU
		{041A3234-4381-4E24-A7D7-C575C62C7083}.Debug|x64.ActiveCfg = Debug|Any CPU
		{041A3234-4381-4E24-A7D7-C575C62C7083}.Debug|x64.Build.0 = Debug|Any CPU
		{041A3234-4381-4E24-A7D7-C575C62C7083}.Debug|x86.ActiveCfg = Debug|Any CPU
		{041A3234-4381-4E24-A7D7-C575C62C7083}.Debug|x86.Build.0 = Debug|Any CPU
		{041A3234-4381-4E24-A7D7-C575C62C7083}.Release|Any CPU.ActiveCfg = Release|Any CPU
		{041A3234-4381-4E24-A7D7-C575C62C7083}.Release|Any CPU.Build.0 = Release|Any CPU
		{041A3234-4381-4E24-A7D7-C575C62C7083}.Release|x64.ActiveCfg = Release|Any CPU
		{041A3234-4381-4E24-A7D7-C575C62C7083}.Release|x64.Build.0 = Release|Any CPU
		{041A3234-4381-4E24-A7D7-C575C62C7083}.Release|x86.ActiveCfg = Release|Any CPU
		{041A3234-4381-4E24-A7D7-C575C62C7083}.Release|x86.Build.0 = Release|Any CPU
		{4E3E3CC8-EBEC-4C8E-8666-0EF655A5FD97}.Debug|Any CPU.ActiveCfg = Debug|Any CPU
		{4E3E3CC8-EBEC-4C8E-8666-0EF655A5FD97}.Debug|Any CPU.Build.0 = Debug|Any CPU
		{4E3E3CC8-EBEC-4C8E-8666-0EF655A5FD97}.Debug|x64.ActiveCfg = Debug|Any CPU
		{4E3E3CC8-EBEC-4C8E-8666-0EF655A5FD97}.Debug|x64.Build.0 = Debug|Any CPU
		{4E3E3CC8-EBEC-4C8E-8666-0EF655A5FD97}.Debug|x86.ActiveCfg = Debug|Any CPU
		{4E3E3CC8-EBEC-4C8E-8666-0EF655A5FD97}.Debug|x86.Build.0 = Debug|Any CPU
		{4E3E3CC8-EBEC-4C8E-8666-0EF655A5FD97}.Release|Any CPU.ActiveCfg = Release|Any CPU
		{4E3E3CC8-EBEC-4C8E-8666-0EF655A5FD97}.Release|Any CPU.Build.0 = Release|Any CPU
		{4E3E3CC8-EBEC-4C8E-8666-0EF655A5FD97}.Release|x64.ActiveCfg = Release|Any CPU
		{4E3E3CC8-EBEC-4C8E-8666-0EF655A5FD97}.Release|x64.Build.0 = Release|Any CPU
		{4E3E3CC8-EBEC-4C8E-8666-0EF655A5FD97}.Release|x86.ActiveCfg = Release|Any CPU
		{4E3E3CC8-EBEC-4C8E-8666-0EF655A5FD97}.Release|x86.Build.0 = Release|Any CPU
		{EDC83D10-86A5-4D07-B1CC-B825861716A6}.Debug|Any CPU.ActiveCfg = Debug|Any CPU
		{EDC83D10-86A5-4D07-B1CC-B825861716A6}.Debug|Any CPU.Build.0 = Debug|Any CPU
		{EDC83D10-86A5-4D07-B1CC-B825861716A6}.Debug|x64.ActiveCfg = Debug|Any CPU
		{EDC83D10-86A5-4D07-B1CC-B825861716A6}.Debug|x64.Build.0 = Debug|Any CPU
		{EDC83D10-86A5-4D07-B1CC-B825861716A6}.Debug|x86.ActiveCfg = Debug|Any CPU
		{EDC83D10-86A5-4D07-B1CC-B825861716A6}.Debug|x86.Build.0 = Debug|Any CPU
		{EDC83D10-86A5-4D07-B1CC-B825861716A6}.Release|Any CPU.ActiveCfg = Release|Any CPU
		{EDC83D10-86A5-4D07-B1CC-B825861716A6}.Release|Any CPU.Build.0 = Release|Any CPU
		{EDC83D10-86A5-4D07-B1CC-B825861716A6}.Release|x64.ActiveCfg = Release|Any CPU
		{EDC83D10-86A5-4D07-B1CC-B825861716A6}.Release|x64.Build.0 = Release|Any CPU
		{EDC83D10-86A5-4D07-B1CC-B825861716A6}.Release|x86.ActiveCfg = Release|Any CPU
		{EDC83D10-86A5-4D07-B1CC-B825861716A6}.Release|x86.Build.0 = Release|Any CPU
		{80F39A31-91E6-48C8-A561-718072C15101}.Debug|Any CPU.ActiveCfg = Debug|Any CPU
		{80F39A31-91E6-48C8-A561-718072C15101}.Debug|Any CPU.Build.0 = Debug|Any CPU
		{80F39A31-91E6-48C8-A561-718072C15101}.Debug|x64.ActiveCfg = Debug|Any CPU
		{80F39A31-91E6-48C8-A561-718072C15101}.Debug|x64.Build.0 = Debug|Any CPU
		{80F39A31-91E6-48C8-A561-718072C15101}.Debug|x86.ActiveCfg = Debug|Any CPU
		{80F39A31-91E6-48C8-A561-718072C15101}.Debug|x86.Build.0 = Debug|Any CPU
		{80F39A31-91E6-48C8-A561-718072C15101}.Release|Any CPU.ActiveCfg = Release|Any CPU
		{80F39A31-91E6-48C8-A561-718072C15101}.Release|Any CPU.Build.0 = Release|Any CPU
		{80F39A31-91E6-48C8-A561-718072C15101}.Release|x64.ActiveCfg = Release|Any CPU
		{80F39A31-91E6-48C8-A561-718072C15101}.Release|x64.Build.0 = Release|Any CPU
		{80F39A31-91E6-48C8-A561-718072C15101}.Release|x86.ActiveCfg = Release|Any CPU
		{80F39A31-91E6-48C8-A561-718072C15101}.Release|x86.Build.0 = Release|Any CPU
		{1AEC0316-F0AA-46C7-AAD2-085AC0026DCA}.Debug|Any CPU.ActiveCfg = Debug|Any CPU
		{1AEC0316-F0AA-46C7-AAD2-085AC0026DCA}.Debug|Any CPU.Build.0 = Debug|Any CPU
		{1AEC0316-F0AA-46C7-AAD2-085AC0026DCA}.Debug|x64.ActiveCfg = Debug|Any CPU
		{1AEC0316-F0AA-46C7-AAD2-085AC0026DCA}.Debug|x64.Build.0 = Debug|Any CPU
		{1AEC0316-F0AA-46C7-AAD2-085AC0026DCA}.Debug|x86.ActiveCfg = Debug|Any CPU
		{1AEC0316-F0AA-46C7-AAD2-085AC0026DCA}.Debug|x86.Build.0 = Debug|Any CPU
		{1AEC0316-F0AA-46C7-AAD2-085AC0026DCA}.Release|Any CPU.ActiveCfg = Release|Any CPU
		{1AEC0316-F0AA-46C7-AAD2-085AC0026DCA}.Release|Any CPU.Build.0 = Release|Any CPU
		{1AEC0316-F0AA-46C7-AAD2-085AC0026DCA}.Release|x64.ActiveCfg = Release|Any CPU
		{1AEC0316-F0AA-46C7-AAD2-085AC0026DCA}.Release|x64.Build.0 = Release|Any CPU
		{1AEC0316-F0AA-46C7-AAD2-085AC0026DCA}.Release|x86.ActiveCfg = Release|Any CPU
		{1AEC0316-F0AA-46C7-AAD2-085AC0026DCA}.Release|x86.Build.0 = Release|Any CPU
		{1DEA16DF-A319-43FB-9B7A-15FF9BA4248F}.Debug|Any CPU.ActiveCfg = Debug|Any CPU
		{1DEA16DF-A319-43FB-9B7A-15FF9BA4248F}.Debug|Any CPU.Build.0 = Debug|Any CPU
		{1DEA16DF-A319-43FB-9B7A-15FF9BA4248F}.Debug|x64.ActiveCfg = Debug|Any CPU
		{1DEA16DF-A319-43FB-9B7A-15FF9BA4248F}.Debug|x64.Build.0 = Debug|Any CPU
		{1DEA16DF-A319-43FB-9B7A-15FF9BA4248F}.Debug|x86.ActiveCfg = Debug|Any CPU
		{1DEA16DF-A319-43FB-9B7A-15FF9BA4248F}.Debug|x86.Build.0 = Debug|Any CPU
		{1DEA16DF-A319-43FB-9B7A-15FF9BA4248F}.Release|Any CPU.ActiveCfg = Release|Any CPU
		{1DEA16DF-A319-43FB-9B7A-15FF9BA4248F}.Release|Any CPU.Build.0 = Release|Any CPU
		{1DEA16DF-A319-43FB-9B7A-15FF9BA4248F}.Release|x64.ActiveCfg = Release|Any CPU
		{1DEA16DF-A319-43FB-9B7A-15FF9BA4248F}.Release|x64.Build.0 = Release|Any CPU
		{1DEA16DF-A319-43FB-9B7A-15FF9BA4248F}.Release|x86.ActiveCfg = Release|Any CPU
		{1DEA16DF-A319-43FB-9B7A-15FF9BA4248F}.Release|x86.Build.0 = Release|Any CPU
		{CF9D7069-2B78-41C8-BD43-E8CE6945E44A}.Debug|Any CPU.ActiveCfg = Debug|Any CPU
		{CF9D7069-2B78-41C8-BD43-E8CE6945E44A}.Debug|Any CPU.Build.0 = Debug|Any CPU
		{CF9D7069-2B78-41C8-BD43-E8CE6945E44A}.Debug|x64.ActiveCfg = Debug|Any CPU
		{CF9D7069-2B78-41C8-BD43-E8CE6945E44A}.Debug|x64.Build.0 = Debug|Any CPU
		{CF9D7069-2B78-41C8-BD43-E8CE6945E44A}.Debug|x86.ActiveCfg = Debug|Any CPU
		{CF9D7069-2B78-41C8-BD43-E8CE6945E44A}.Debug|x86.Build.0 = Debug|Any CPU
		{CF9D7069-2B78-41C8-BD43-E8CE6945E44A}.Release|Any CPU.ActiveCfg = Release|Any CPU
		{CF9D7069-2B78-41C8-BD43-E8CE6945E44A}.Release|Any CPU.Build.0 = Release|Any CPU
		{CF9D7069-2B78-41C8-BD43-E8CE6945E44A}.Release|x64.ActiveCfg = Release|Any CPU
		{CF9D7069-2B78-41C8-BD43-E8CE6945E44A}.Release|x64.Build.0 = Release|Any CPU
		{CF9D7069-2B78-41C8-BD43-E8CE6945E44A}.Release|x86.ActiveCfg = Release|Any CPU
		{CF9D7069-2B78-41C8-BD43-E8CE6945E44A}.Release|x86.Build.0 = Release|Any CPU
		{A7EB4647-96B9-41CD-9738-0E486AFD42AE}.Debug|Any CPU.ActiveCfg = Debug|Any CPU
		{A7EB4647-96B9-41CD-9738-0E486AFD42AE}.Debug|Any CPU.Build.0 = Debug|Any CPU
		{A7EB4647-96B9-41CD-9738-0E486AFD42AE}.Debug|x64.ActiveCfg = Debug|Any CPU
		{A7EB4647-96B9-41CD-9738-0E486AFD42AE}.Debug|x64.Build.0 = Debug|Any CPU
		{A7EB4647-96B9-41CD-9738-0E486AFD42AE}.Debug|x86.ActiveCfg = Debug|Any CPU
		{A7EB4647-96B9-41CD-9738-0E486AFD42AE}.Debug|x86.Build.0 = Debug|Any CPU
		{A7EB4647-96B9-41CD-9738-0E486AFD42AE}.Release|Any CPU.ActiveCfg = Release|Any CPU
		{A7EB4647-96B9-41CD-9738-0E486AFD42AE}.Release|Any CPU.Build.0 = Release|Any CPU
		{A7EB4647-96B9-41CD-9738-0E486AFD42AE}.Release|x64.ActiveCfg = Release|Any CPU
		{A7EB4647-96B9-41CD-9738-0E486AFD42AE}.Release|x64.Build.0 = Release|Any CPU
		{A7EB4647-96B9-41CD-9738-0E486AFD42AE}.Release|x86.ActiveCfg = Release|Any CPU
		{A7EB4647-96B9-41CD-9738-0E486AFD42AE}.Release|x86.Build.0 = Release|Any CPU
		{22FC135F-E6EF-491B-88B3-80344911662D}.Debug|Any CPU.ActiveCfg = Debug|Any CPU
		{22FC135F-E6EF-491B-88B3-80344911662D}.Debug|Any CPU.Build.0 = Debug|Any CPU
		{22FC135F-E6EF-491B-88B3-80344911662D}.Debug|x64.ActiveCfg = Debug|Any CPU
		{22FC135F-E6EF-491B-88B3-80344911662D}.Debug|x64.Build.0 = Debug|Any CPU
		{22FC135F-E6EF-491B-88B3-80344911662D}.Debug|x86.ActiveCfg = Debug|Any CPU
		{22FC135F-E6EF-491B-88B3-80344911662D}.Debug|x86.Build.0 = Debug|Any CPU
		{22FC135F-E6EF-491B-88B3-80344911662D}.Release|Any CPU.ActiveCfg = Release|Any CPU
		{22FC135F-E6EF-491B-88B3-80344911662D}.Release|Any CPU.Build.0 = Release|Any CPU
		{22FC135F-E6EF-491B-88B3-80344911662D}.Release|x64.ActiveCfg = Release|Any CPU
		{22FC135F-E6EF-491B-88B3-80344911662D}.Release|x64.Build.0 = Release|Any CPU
		{22FC135F-E6EF-491B-88B3-80344911662D}.Release|x86.ActiveCfg = Release|Any CPU
		{22FC135F-E6EF-491B-88B3-80344911662D}.Release|x86.Build.0 = Release|Any CPU
		{5549AB7C-A1BA-4CFA-876C-0FD53AB82EF1}.Debug|Any CPU.ActiveCfg = Debug|Any CPU
		{5549AB7C-A1BA-4CFA-876C-0FD53AB82EF1}.Debug|Any CPU.Build.0 = Debug|Any CPU
		{5549AB7C-A1BA-4CFA-876C-0FD53AB82EF1}.Debug|x64.ActiveCfg = Debug|Any CPU
		{5549AB7C-A1BA-4CFA-876C-0FD53AB82EF1}.Debug|x64.Build.0 = Debug|Any CPU
		{5549AB7C-A1BA-4CFA-876C-0FD53AB82EF1}.Debug|x86.ActiveCfg = Debug|Any CPU
		{5549AB7C-A1BA-4CFA-876C-0FD53AB82EF1}.Debug|x86.Build.0 = Debug|Any CPU
		{5549AB7C-A1BA-4CFA-876C-0FD53AB82EF1}.Release|Any CPU.ActiveCfg = Release|Any CPU
		{5549AB7C-A1BA-4CFA-876C-0FD53AB82EF1}.Release|Any CPU.Build.0 = Release|Any CPU
		{5549AB7C-A1BA-4CFA-876C-0FD53AB82EF1}.Release|x64.ActiveCfg = Release|Any CPU
		{5549AB7C-A1BA-4CFA-876C-0FD53AB82EF1}.Release|x64.Build.0 = Release|Any CPU
		{5549AB7C-A1BA-4CFA-876C-0FD53AB82EF1}.Release|x86.ActiveCfg = Release|Any CPU
		{5549AB7C-A1BA-4CFA-876C-0FD53AB82EF1}.Release|x86.Build.0 = Release|Any CPU
		{A65D46B8-2FEF-4A30-8D7D-D9BAB4A04A24}.Debug|Any CPU.ActiveCfg = Debug|Any CPU
		{A65D46B8-2FEF-4A30-8D7D-D9BAB4A04A24}.Debug|Any CPU.Build.0 = Debug|Any CPU
		{A65D46B8-2FEF-4A30-8D7D-D9BAB4A04A24}.Debug|x64.ActiveCfg = Debug|Any CPU
		{A65D46B8-2FEF-4A30-8D7D-D9BAB4A04A24}.Debug|x64.Build.0 = Debug|Any CPU
		{A65D46B8-2FEF-4A30-8D7D-D9BAB4A04A24}.Debug|x86.ActiveCfg = Debug|Any CPU
		{A65D46B8-2FEF-4A30-8D7D-D9BAB4A04A24}.Debug|x86.Build.0 = Debug|Any CPU
		{A65D46B8-2FEF-4A30-8D7D-D9BAB4A04A24}.Release|Any CPU.ActiveCfg = Release|Any CPU
		{A65D46B8-2FEF-4A30-8D7D-D9BAB4A04A24}.Release|Any CPU.Build.0 = Release|Any CPU
		{A65D46B8-2FEF-4A30-8D7D-D9BAB4A04A24}.Release|x64.ActiveCfg = Release|Any CPU
		{A65D46B8-2FEF-4A30-8D7D-D9BAB4A04A24}.Release|x64.Build.0 = Release|Any CPU
		{A65D46B8-2FEF-4A30-8D7D-D9BAB4A04A24}.Release|x86.ActiveCfg = Release|Any CPU
		{A65D46B8-2FEF-4A30-8D7D-D9BAB4A04A24}.Release|x86.Build.0 = Release|Any CPU
		{A81ABBEF-F455-4E14-8190-B154CA02330F}.Debug|Any CPU.ActiveCfg = Debug|Any CPU
		{A81ABBEF-F455-4E14-8190-B154CA02330F}.Debug|Any CPU.Build.0 = Debug|Any CPU
		{A81ABBEF-F455-4E14-8190-B154CA02330F}.Debug|x64.ActiveCfg = Debug|Any CPU
		{A81ABBEF-F455-4E14-8190-B154CA02330F}.Debug|x64.Build.0 = Debug|Any CPU
		{A81ABBEF-F455-4E14-8190-B154CA02330F}.Debug|x86.ActiveCfg = Debug|Any CPU
		{A81ABBEF-F455-4E14-8190-B154CA02330F}.Debug|x86.Build.0 = Debug|Any CPU
		{A81ABBEF-F455-4E14-8190-B154CA02330F}.Release|Any CPU.ActiveCfg = Release|Any CPU
		{A81ABBEF-F455-4E14-8190-B154CA02330F}.Release|Any CPU.Build.0 = Release|Any CPU
		{A81ABBEF-F455-4E14-8190-B154CA02330F}.Release|x64.ActiveCfg = Release|Any CPU
		{A81ABBEF-F455-4E14-8190-B154CA02330F}.Release|x64.Build.0 = Release|Any CPU
		{A81ABBEF-F455-4E14-8190-B154CA02330F}.Release|x86.ActiveCfg = Release|Any CPU
		{A81ABBEF-F455-4E14-8190-B154CA02330F}.Release|x86.Build.0 = Release|Any CPU
		{C7C0D74E-29A2-45DF-BB69-3056E0D57CAB}.Debug|Any CPU.ActiveCfg = Debug|Any CPU
		{C7C0D74E-29A2-45DF-BB69-3056E0D57CAB}.Debug|Any CPU.Build.0 = Debug|Any CPU
		{C7C0D74E-29A2-45DF-BB69-3056E0D57CAB}.Debug|x64.ActiveCfg = Debug|Any CPU
		{C7C0D74E-29A2-45DF-BB69-3056E0D57CAB}.Debug|x64.Build.0 = Debug|Any CPU
		{C7C0D74E-29A2-45DF-BB69-3056E0D57CAB}.Debug|x86.ActiveCfg = Debug|Any CPU
		{C7C0D74E-29A2-45DF-BB69-3056E0D57CAB}.Debug|x86.Build.0 = Debug|Any CPU
		{C7C0D74E-29A2-45DF-BB69-3056E0D57CAB}.Release|Any CPU.ActiveCfg = Release|Any CPU
		{C7C0D74E-29A2-45DF-BB69-3056E0D57CAB}.Release|Any CPU.Build.0 = Release|Any CPU
		{C7C0D74E-29A2-45DF-BB69-3056E0D57CAB}.Release|x64.ActiveCfg = Release|Any CPU
		{C7C0D74E-29A2-45DF-BB69-3056E0D57CAB}.Release|x64.Build.0 = Release|Any CPU
		{C7C0D74E-29A2-45DF-BB69-3056E0D57CAB}.Release|x86.ActiveCfg = Release|Any CPU
		{C7C0D74E-29A2-45DF-BB69-3056E0D57CAB}.Release|x86.Build.0 = Release|Any CPU
		{AAC76E7D-83B4-4533-ABFE-7B503AFBAD31}.Debug|Any CPU.ActiveCfg = Debug|Any CPU
		{AAC76E7D-83B4-4533-ABFE-7B503AFBAD31}.Debug|Any CPU.Build.0 = Debug|Any CPU
		{AAC76E7D-83B4-4533-ABFE-7B503AFBAD31}.Debug|x64.ActiveCfg = Debug|Any CPU
		{AAC76E7D-83B4-4533-ABFE-7B503AFBAD31}.Debug|x64.Build.0 = Debug|Any CPU
		{AAC76E7D-83B4-4533-ABFE-7B503AFBAD31}.Debug|x86.ActiveCfg = Debug|Any CPU
		{AAC76E7D-83B4-4533-ABFE-7B503AFBAD31}.Debug|x86.Build.0 = Debug|Any CPU
		{AAC76E7D-83B4-4533-ABFE-7B503AFBAD31}.Release|Any CPU.ActiveCfg = Release|Any CPU
		{AAC76E7D-83B4-4533-ABFE-7B503AFBAD31}.Release|Any CPU.Build.0 = Release|Any CPU
		{AAC76E7D-83B4-4533-ABFE-7B503AFBAD31}.Release|x64.ActiveCfg = Release|Any CPU
		{AAC76E7D-83B4-4533-ABFE-7B503AFBAD31}.Release|x64.Build.0 = Release|Any CPU
		{AAC76E7D-83B4-4533-ABFE-7B503AFBAD31}.Release|x86.ActiveCfg = Release|Any CPU
		{AAC76E7D-83B4-4533-ABFE-7B503AFBAD31}.Release|x86.Build.0 = Release|Any CPU
		{77F5C0B7-479B-4098-A8F6-F2E29CA765F4}.Debug|Any CPU.ActiveCfg = Debug|Any CPU
		{77F5C0B7-479B-4098-A8F6-F2E29CA765F4}.Debug|Any CPU.Build.0 = Debug|Any CPU
		{77F5C0B7-479B-4098-A8F6-F2E29CA765F4}.Debug|x64.ActiveCfg = Debug|Any CPU
		{77F5C0B7-479B-4098-A8F6-F2E29CA765F4}.Debug|x64.Build.0 = Debug|Any CPU
		{77F5C0B7-479B-4098-A8F6-F2E29CA765F4}.Debug|x86.ActiveCfg = Debug|Any CPU
		{77F5C0B7-479B-4098-A8F6-F2E29CA765F4}.Debug|x86.Build.0 = Debug|Any CPU
		{77F5C0B7-479B-4098-A8F6-F2E29CA765F4}.Release|Any CPU.ActiveCfg = Release|Any CPU
		{77F5C0B7-479B-4098-A8F6-F2E29CA765F4}.Release|Any CPU.Build.0 = Release|Any CPU
		{77F5C0B7-479B-4098-A8F6-F2E29CA765F4}.Release|x64.ActiveCfg = Release|Any CPU
		{77F5C0B7-479B-4098-A8F6-F2E29CA765F4}.Release|x64.Build.0 = Release|Any CPU
		{77F5C0B7-479B-4098-A8F6-F2E29CA765F4}.Release|x86.ActiveCfg = Release|Any CPU
		{77F5C0B7-479B-4098-A8F6-F2E29CA765F4}.Release|x86.Build.0 = Release|Any CPU
		{1E531058-3E0A-4CD6-84AB-89E5538D2199}.Debug|Any CPU.ActiveCfg = Debug|Any CPU
		{1E531058-3E0A-4CD6-84AB-89E5538D2199}.Debug|Any CPU.Build.0 = Debug|Any CPU
		{1E531058-3E0A-4CD6-84AB-89E5538D2199}.Debug|x64.ActiveCfg = Debug|Any CPU
		{1E531058-3E0A-4CD6-84AB-89E5538D2199}.Debug|x64.Build.0 = Debug|Any CPU
		{1E531058-3E0A-4CD6-84AB-89E5538D2199}.Debug|x86.ActiveCfg = Debug|Any CPU
		{1E531058-3E0A-4CD6-84AB-89E5538D2199}.Debug|x86.Build.0 = Debug|Any CPU
		{1E531058-3E0A-4CD6-84AB-89E5538D2199}.Release|Any CPU.ActiveCfg = Release|Any CPU
		{1E531058-3E0A-4CD6-84AB-89E5538D2199}.Release|Any CPU.Build.0 = Release|Any CPU
		{1E531058-3E0A-4CD6-84AB-89E5538D2199}.Release|x64.ActiveCfg = Release|Any CPU
		{1E531058-3E0A-4CD6-84AB-89E5538D2199}.Release|x64.Build.0 = Release|Any CPU
		{1E531058-3E0A-4CD6-84AB-89E5538D2199}.Release|x86.ActiveCfg = Release|Any CPU
		{1E531058-3E0A-4CD6-84AB-89E5538D2199}.Release|x86.Build.0 = Release|Any CPU
		{BB86107B-C0CB-47A3-8C8A-74DDE9CDEDF9}.Debug|Any CPU.ActiveCfg = Debug|Any CPU
		{BB86107B-C0CB-47A3-8C8A-74DDE9CDEDF9}.Debug|Any CPU.Build.0 = Debug|Any CPU
		{BB86107B-C0CB-47A3-8C8A-74DDE9CDEDF9}.Debug|x64.ActiveCfg = Debug|Any CPU
		{BB86107B-C0CB-47A3-8C8A-74DDE9CDEDF9}.Debug|x64.Build.0 = Debug|Any CPU
		{BB86107B-C0CB-47A3-8C8A-74DDE9CDEDF9}.Debug|x86.ActiveCfg = Debug|Any CPU
		{BB86107B-C0CB-47A3-8C8A-74DDE9CDEDF9}.Debug|x86.Build.0 = Debug|Any CPU
		{BB86107B-C0CB-47A3-8C8A-74DDE9CDEDF9}.Release|Any CPU.ActiveCfg = Release|Any CPU
		{BB86107B-C0CB-47A3-8C8A-74DDE9CDEDF9}.Release|Any CPU.Build.0 = Release|Any CPU
		{BB86107B-C0CB-47A3-8C8A-74DDE9CDEDF9}.Release|x64.ActiveCfg = Release|Any CPU
		{BB86107B-C0CB-47A3-8C8A-74DDE9CDEDF9}.Release|x64.Build.0 = Release|Any CPU
		{BB86107B-C0CB-47A3-8C8A-74DDE9CDEDF9}.Release|x86.ActiveCfg = Release|Any CPU
		{BB86107B-C0CB-47A3-8C8A-74DDE9CDEDF9}.Release|x86.Build.0 = Release|Any CPU
		{3382A59D-F95C-40E1-B1FE-1FAB27A37F82}.Debug|Any CPU.ActiveCfg = Debug|Any CPU
		{3382A59D-F95C-40E1-B1FE-1FAB27A37F82}.Debug|Any CPU.Build.0 = Debug|Any CPU
		{3382A59D-F95C-40E1-B1FE-1FAB27A37F82}.Debug|x64.ActiveCfg = Debug|Any CPU
		{3382A59D-F95C-40E1-B1FE-1FAB27A37F82}.Debug|x64.Build.0 = Debug|Any CPU
		{3382A59D-F95C-40E1-B1FE-1FAB27A37F82}.Debug|x86.ActiveCfg = Debug|Any CPU
		{3382A59D-F95C-40E1-B1FE-1FAB27A37F82}.Debug|x86.Build.0 = Debug|Any CPU
		{3382A59D-F95C-40E1-B1FE-1FAB27A37F82}.Release|Any CPU.ActiveCfg = Release|Any CPU
		{3382A59D-F95C-40E1-B1FE-1FAB27A37F82}.Release|Any CPU.Build.0 = Release|Any CPU
		{3382A59D-F95C-40E1-B1FE-1FAB27A37F82}.Release|x64.ActiveCfg = Release|Any CPU
		{3382A59D-F95C-40E1-B1FE-1FAB27A37F82}.Release|x64.Build.0 = Release|Any CPU
		{3382A59D-F95C-40E1-B1FE-1FAB27A37F82}.Release|x86.ActiveCfg = Release|Any CPU
		{3382A59D-F95C-40E1-B1FE-1FAB27A37F82}.Release|x86.Build.0 = Release|Any CPU
		{EB800C78-F44B-4E3E-9097-2A0A9BEA1C2E}.Debug|Any CPU.ActiveCfg = Debug|Any CPU
		{EB800C78-F44B-4E3E-9097-2A0A9BEA1C2E}.Debug|Any CPU.Build.0 = Debug|Any CPU
		{EB800C78-F44B-4E3E-9097-2A0A9BEA1C2E}.Debug|x64.ActiveCfg = Debug|Any CPU
		{EB800C78-F44B-4E3E-9097-2A0A9BEA1C2E}.Debug|x64.Build.0 = Debug|Any CPU
		{EB800C78-F44B-4E3E-9097-2A0A9BEA1C2E}.Debug|x86.ActiveCfg = Debug|Any CPU
		{EB800C78-F44B-4E3E-9097-2A0A9BEA1C2E}.Debug|x86.Build.0 = Debug|Any CPU
		{EB800C78-F44B-4E3E-9097-2A0A9BEA1C2E}.Release|Any CPU.ActiveCfg = Release|Any CPU
		{EB800C78-F44B-4E3E-9097-2A0A9BEA1C2E}.Release|Any CPU.Build.0 = Release|Any CPU
		{EB800C78-F44B-4E3E-9097-2A0A9BEA1C2E}.Release|x64.ActiveCfg = Release|Any CPU
		{EB800C78-F44B-4E3E-9097-2A0A9BEA1C2E}.Release|x64.Build.0 = Release|Any CPU
		{EB800C78-F44B-4E3E-9097-2A0A9BEA1C2E}.Release|x86.ActiveCfg = Release|Any CPU
		{EB800C78-F44B-4E3E-9097-2A0A9BEA1C2E}.Release|x86.Build.0 = Release|Any CPU
		{F1AE44C3-57B0-48E0-ACC2-23C8C5559D82}.Debug|Any CPU.ActiveCfg = Debug|Any CPU
		{F1AE44C3-57B0-48E0-ACC2-23C8C5559D82}.Debug|Any CPU.Build.0 = Debug|Any CPU
		{F1AE44C3-57B0-48E0-ACC2-23C8C5559D82}.Debug|x64.ActiveCfg = Debug|Any CPU
		{F1AE44C3-57B0-48E0-ACC2-23C8C5559D82}.Debug|x64.Build.0 = Debug|Any CPU
		{F1AE44C3-57B0-48E0-ACC2-23C8C5559D82}.Debug|x86.ActiveCfg = Debug|Any CPU
		{F1AE44C3-57B0-48E0-ACC2-23C8C5559D82}.Debug|x86.Build.0 = Debug|Any CPU
		{F1AE44C3-57B0-48E0-ACC2-23C8C5559D82}.Release|Any CPU.ActiveCfg = Release|Any CPU
		{F1AE44C3-57B0-48E0-ACC2-23C8C5559D82}.Release|Any CPU.Build.0 = Release|Any CPU
		{F1AE44C3-57B0-48E0-ACC2-23C8C5559D82}.Release|x64.ActiveCfg = Release|Any CPU
		{F1AE44C3-57B0-48E0-ACC2-23C8C5559D82}.Release|x64.Build.0 = Release|Any CPU
		{F1AE44C3-57B0-48E0-ACC2-23C8C5559D82}.Release|x86.ActiveCfg = Release|Any CPU
		{F1AE44C3-57B0-48E0-ACC2-23C8C5559D82}.Release|x86.Build.0 = Release|Any CPU
		{CC057A1F-4756-489A-8763-300AEAE1D07D}.Debug|Any CPU.ActiveCfg = Debug|Any CPU
		{CC057A1F-4756-489A-8763-300AEAE1D07D}.Debug|Any CPU.Build.0 = Debug|Any CPU
		{CC057A1F-4756-489A-8763-300AEAE1D07D}.Debug|x64.ActiveCfg = Debug|Any CPU
		{CC057A1F-4756-489A-8763-300AEAE1D07D}.Debug|x64.Build.0 = Debug|Any CPU
		{CC057A1F-4756-489A-8763-300AEAE1D07D}.Debug|x86.ActiveCfg = Debug|Any CPU
		{CC057A1F-4756-489A-8763-300AEAE1D07D}.Debug|x86.Build.0 = Debug|Any CPU
		{CC057A1F-4756-489A-8763-300AEAE1D07D}.Release|Any CPU.ActiveCfg = Release|Any CPU
		{CC057A1F-4756-489A-8763-300AEAE1D07D}.Release|Any CPU.Build.0 = Release|Any CPU
		{CC057A1F-4756-489A-8763-300AEAE1D07D}.Release|x64.ActiveCfg = Release|Any CPU
		{CC057A1F-4756-489A-8763-300AEAE1D07D}.Release|x64.Build.0 = Release|Any CPU
		{CC057A1F-4756-489A-8763-300AEAE1D07D}.Release|x86.ActiveCfg = Release|Any CPU
		{CC057A1F-4756-489A-8763-300AEAE1D07D}.Release|x86.Build.0 = Release|Any CPU
		{8216BD3A-3187-4EC2-AA55-23D269122B1D}.Debug|Any CPU.ActiveCfg = Debug|Any CPU
		{8216BD3A-3187-4EC2-AA55-23D269122B1D}.Debug|Any CPU.Build.0 = Debug|Any CPU
		{8216BD3A-3187-4EC2-AA55-23D269122B1D}.Debug|x64.ActiveCfg = Debug|Any CPU
		{8216BD3A-3187-4EC2-AA55-23D269122B1D}.Debug|x64.Build.0 = Debug|Any CPU
		{8216BD3A-3187-4EC2-AA55-23D269122B1D}.Debug|x86.ActiveCfg = Debug|Any CPU
		{8216BD3A-3187-4EC2-AA55-23D269122B1D}.Debug|x86.Build.0 = Debug|Any CPU
		{8216BD3A-3187-4EC2-AA55-23D269122B1D}.Release|Any CPU.ActiveCfg = Release|Any CPU
		{8216BD3A-3187-4EC2-AA55-23D269122B1D}.Release|Any CPU.Build.0 = Release|Any CPU
		{8216BD3A-3187-4EC2-AA55-23D269122B1D}.Release|x64.ActiveCfg = Release|Any CPU
		{8216BD3A-3187-4EC2-AA55-23D269122B1D}.Release|x64.Build.0 = Release|Any CPU
		{8216BD3A-3187-4EC2-AA55-23D269122B1D}.Release|x86.ActiveCfg = Release|Any CPU
		{8216BD3A-3187-4EC2-AA55-23D269122B1D}.Release|x86.Build.0 = Release|Any CPU
		{9B2AF3D6-9303-4436-9ACC-EE0831857E4B}.Debug|Any CPU.ActiveCfg = Debug|Any CPU
		{9B2AF3D6-9303-4436-9ACC-EE0831857E4B}.Debug|Any CPU.Build.0 = Debug|Any CPU
		{9B2AF3D6-9303-4436-9ACC-EE0831857E4B}.Debug|x64.ActiveCfg = Debug|Any CPU
		{9B2AF3D6-9303-4436-9ACC-EE0831857E4B}.Debug|x64.Build.0 = Debug|Any CPU
		{9B2AF3D6-9303-4436-9ACC-EE0831857E4B}.Debug|x86.ActiveCfg = Debug|Any CPU
		{9B2AF3D6-9303-4436-9ACC-EE0831857E4B}.Debug|x86.Build.0 = Debug|Any CPU
		{9B2AF3D6-9303-4436-9ACC-EE0831857E4B}.Release|Any CPU.ActiveCfg = Release|Any CPU
		{9B2AF3D6-9303-4436-9ACC-EE0831857E4B}.Release|Any CPU.Build.0 = Release|Any CPU
		{9B2AF3D6-9303-4436-9ACC-EE0831857E4B}.Release|x64.ActiveCfg = Release|Any CPU
		{9B2AF3D6-9303-4436-9ACC-EE0831857E4B}.Release|x64.Build.0 = Release|Any CPU
		{9B2AF3D6-9303-4436-9ACC-EE0831857E4B}.Release|x86.ActiveCfg = Release|Any CPU
		{9B2AF3D6-9303-4436-9ACC-EE0831857E4B}.Release|x86.Build.0 = Release|Any CPU
	EndGlobalSection
	GlobalSection(SolutionProperties) = preSolution
		HideSolutionNode = FALSE
	EndGlobalSection
	GlobalSection(NestedProjects) = preSolution
		{D722A117-0FC3-4453-8288-5373974D5391} = {F39C64EC-A86F-4515-B132-3E434504923D}
		{0A70BF7E-9DB4-4EDF-B7A2-91BF6644AB91} = {F39C64EC-A86F-4515-B132-3E434504923D}
		{B2FC8E42-6E91-481B-8380-60F0B03F3C39} = {E4A0995B-B921-408A-AA49-D56D06BDF715}
		{5619E0B3-0F24-45DE-8C20-97F0DBC41F58} = {4AD7D46D-CCE4-4278-A9DF-256FBD43A084}
		{22B4279F-47B1-4ED0-8556-1ED49767D459} = {0B3DC3C4-C13B-4FE2-88C2-3D215E2E153C}
		{4AD7D46D-CCE4-4278-A9DF-256FBD43A084} = {F39C64EC-A86F-4515-B132-3E434504923D}
		{E4A0995B-B921-408A-AA49-D56D06BDF715} = {22B4279F-47B1-4ED0-8556-1ED49767D459}
		{66432400-EE52-4069-9B0E-5F047FB31DA1} = {22B4279F-47B1-4ED0-8556-1ED49767D459}
		{8A6D462B-7E60-4B56-90A3-58EFCBA44AD7} = {22B4279F-47B1-4ED0-8556-1ED49767D459}
		{49DBD3DE-1EDD-4F76-BB9F-CF51A06D47F4} = {8A6D462B-7E60-4B56-90A3-58EFCBA44AD7}
		{D0F746EE-F133-49A8-99C1-824E2102A194} = {66432400-EE52-4069-9B0E-5F047FB31DA1}
		{687459D6-DB9F-484C-A056-7AAE4B1B2400} = {0B3DC3C4-C13B-4FE2-88C2-3D215E2E153C}
		{37E2E0EA-263E-4BAE-B4EA-5DD3929FCFE9} = {0A70BF7E-9DB4-4EDF-B7A2-91BF6644AB91}
		{D224FA00-BE04-4DFD-B89F-3A6E0DB88765} = {0A70BF7E-9DB4-4EDF-B7A2-91BF6644AB91}
		{D1F0AA35-1195-4CCD-84A3-137E4163372E} = {0A70BF7E-9DB4-4EDF-B7A2-91BF6644AB91}
		{DEC4DD69-D136-4DED-B073-515DA7CCDEDA} = {D722A117-0FC3-4453-8288-5373974D5391}
		{108CF96A-3F7B-45B3-902A-481207DD2102} = {D722A117-0FC3-4453-8288-5373974D5391}
		{C44F98AC-F10F-4005-8F4B-D4694DF45775} = {D722A117-0FC3-4453-8288-5373974D5391}
		{3CF96316-2EFB-4EA5-96BA-3FCE9DB9668B} = {D722A117-0FC3-4453-8288-5373974D5391}
		{041A3234-4381-4E24-A7D7-C575C62C7083} = {D722A117-0FC3-4453-8288-5373974D5391}
		{4E3E3CC8-EBEC-4C8E-8666-0EF655A5FD97} = {D722A117-0FC3-4453-8288-5373974D5391}
		{EDC83D10-86A5-4D07-B1CC-B825861716A6} = {D722A117-0FC3-4453-8288-5373974D5391}
		{A2A05795-5B4E-4982-A6C7-FD1E5F9A5BCC} = {687459D6-DB9F-484C-A056-7AAE4B1B2400}
		{389620DE-62B1-465C-80BA-75C80A3722BC} = {687459D6-DB9F-484C-A056-7AAE4B1B2400}
		{80F39A31-91E6-48C8-A561-718072C15101} = {D722A117-0FC3-4453-8288-5373974D5391}
		{8AF46340-4CFA-434E-8C2C-B7D69E07386E} = {687459D6-DB9F-484C-A056-7AAE4B1B2400}
		{1AEC0316-F0AA-46C7-AAD2-085AC0026DCA} = {A2A05795-5B4E-4982-A6C7-FD1E5F9A5BCC}
		{1DEA16DF-A319-43FB-9B7A-15FF9BA4248F} = {389620DE-62B1-465C-80BA-75C80A3722BC}
		{CF9D7069-2B78-41C8-BD43-E8CE6945E44A} = {389620DE-62B1-465C-80BA-75C80A3722BC}
		{A7EB4647-96B9-41CD-9738-0E486AFD42AE} = {389620DE-62B1-465C-80BA-75C80A3722BC}
		{22FC135F-E6EF-491B-88B3-80344911662D} = {8AF46340-4CFA-434E-8C2C-B7D69E07386E}
		{5549AB7C-A1BA-4CFA-876C-0FD53AB82EF1} = {8AF46340-4CFA-434E-8C2C-B7D69E07386E}
		{A65D46B8-2FEF-4A30-8D7D-D9BAB4A04A24} = {8AF46340-4CFA-434E-8C2C-B7D69E07386E}
		{A81ABBEF-F455-4E14-8190-B154CA02330F} = {8AF46340-4CFA-434E-8C2C-B7D69E07386E}
		{C7C0D74E-29A2-45DF-BB69-3056E0D57CAB} = {8AF46340-4CFA-434E-8C2C-B7D69E07386E}
		{AAC76E7D-83B4-4533-ABFE-7B503AFBAD31} = {8AF46340-4CFA-434E-8C2C-B7D69E07386E}
		{77F5C0B7-479B-4098-A8F6-F2E29CA765F4} = {8AF46340-4CFA-434E-8C2C-B7D69E07386E}
		{1E531058-3E0A-4CD6-84AB-89E5538D2199} = {8AF46340-4CFA-434E-8C2C-B7D69E07386E}
		{BB86107B-C0CB-47A3-8C8A-74DDE9CDEDF9} = {D722A117-0FC3-4453-8288-5373974D5391}
		{3382A59D-F95C-40E1-B1FE-1FAB27A37F82} = {8AF46340-4CFA-434E-8C2C-B7D69E07386E}
		{310604E1-E315-429A-A43F-712A1D3D06C7} = {F39C64EC-A86F-4515-B132-3E434504923D}
		{6B0C4A84-855E-4AB4-8387-FA3CE52D2C17} = {F39C64EC-A86F-4515-B132-3E434504923D}
		{EB800C78-F44B-4E3E-9097-2A0A9BEA1C2E} = {6B0C4A84-855E-4AB4-8387-FA3CE52D2C17}
		{F1AE44C3-57B0-48E0-ACC2-23C8C5559D82} = {310604E1-E315-429A-A43F-712A1D3D06C7}
		{26078B86-FD4B-48FD-A7C2-1CE0B79555F2} = {F39C64EC-A86F-4515-B132-3E434504923D}
		{CC057A1F-4756-489A-8763-300AEAE1D07D} = {26078B86-FD4B-48FD-A7C2-1CE0B79555F2}
		{F39C64EC-A86F-4515-B132-3E434504923D} = {0B3DC3C4-C13B-4FE2-88C2-3D215E2E153C}
		{8216BD3A-3187-4EC2-AA55-23D269122B1D} = {06A9819D-42D5-4D92-B469-2C373720B42D}
		{06A9819D-42D5-4D92-B469-2C373720B42D} = {687459D6-DB9F-484C-A056-7AAE4B1B2400}
		{DFA25F93-3564-4D7A-9760-FD5857D7C6A7} = {22B4279F-47B1-4ED0-8556-1ED49767D459}
		{9B2AF3D6-9303-4436-9ACC-EE0831857E4B} = {DFA25F93-3564-4D7A-9760-FD5857D7C6A7}
		{3DA43D06-8C65-4EC8-BFC4-7BC31F4D62A5} = {23989409-3BB3-4684-ABF8-5095B298749D}
	EndGlobalSection
	GlobalSection(ExtensibilityGlobals) = postSolution
		SolutionGuid = {1CFC3D63-8C8A-474B-81D0-84D37DF5B533}
	EndGlobalSection
EndGlobal
